
Microsoft Visual Studio Solution File, Format Version 11.00
# Visual C# Express 2010
Project("{FAE04EC0-301F-11D3-BF4B-00C04F79EFBC}") = "MIQUEST_Manager_Collator", "MIQUEST_Manager_Collator\MIQUEST_Manager_Collator.csproj", "{EA13D60A-92FB-48AD-8795-B6181B49839B}"
EndProject
Global
	GlobalSection(SolutionConfigurationPlatforms) = preSolution
		Debug|x86 = Debug|x86
		Release|x86 = Release|x86
	EndGlobalSection
	GlobalSection(ProjectConfigurationPlatforms) = postSolution
		{EA13D60A-92FB-48AD-8795-B6181B49839B}.Debug|x86.ActiveCfg = Debug|x86
		{EA13D60A-92FB-48AD-8795-B6181B49839B}.Debug|x86.Build.0 = Debug|x86
		{EA13D60A-92FB-48AD-8795-B6181B49839B}.Release|x86.ActiveCfg = Release|x86
		{EA13D60A-92FB-48AD-8795-B6181B49839B}.Release|x86.Build.0 = Release|x86
	EndGlobalSection
	GlobalSection(SolutionProperties) = preSolution
		HideSolutionNode = FALSE
	EndGlobalSection
EndGlobal
